
Microsoft Visual Studio Solution File, Format Version 12.00
# Visual Studio Version 17
VisualStudioVersion = 17.3.32901.215
MinimumVisualStudioVersion = 10.0.40219.1
Project("{9A19103F-16F7-4668-BE54-9A1E7A4F7556}") = "FillerBoard", "FillerBoard\FillerBoard.csproj", "{6CF71A01-EFC2-47E5-BA0F-B7F59B92878C}"
EndProject
Project("{9A19103F-16F7-4668-BE54-9A1E7A4F7556}") = "IMinimaxBoard", "IMinimaxBoard\IMinimaxBoard.csproj", "{87497FC5-661F-475D-9AF2-1A21E577CEA9}"
EndProject
Project("{FAE04EC0-301F-11D3-BF4B-00C04F79EFBC}") = "FillerConsole", "FillerConsole\FillerConsole.csproj", "{56EED789-B0CC-425C-AC31-9962FBBCA6CF}"
EndProject
Global
	GlobalSection(SolutionConfigurationPlatforms) = preSolution
		Debug|Any CPU = Debug|Any CPU
		Release|Any CPU = Release|Any CPU
	EndGlobalSection
	GlobalSection(ProjectConfigurationPlatforms) = postSolution
		{6CF71A01-EFC2-47E5-BA0F-B7F59B92878C}.Debug|Any CPU.ActiveCfg = Debug|Any CPU
		{6CF71A01-EFC2-47E5-BA0F-B7F59B92878C}.Debug|Any CPU.Build.0 = Debug|Any CPU
		{6CF71A01-EFC2-47E5-BA0F-B7F59B92878C}.Release|Any CPU.ActiveCfg = Release|Any CPU
		{6CF71A01-EFC2-47E5-BA0F-B7F59B92878C}.Release|Any CPU.Build.0 = Release|Any CPU
		{87497FC5-661F-475D-9AF2-1A21E577CEA9}.Debug|Any CPU.ActiveCfg = Debug|Any CPU
		{87497FC5-661F-475D-9AF2-1A21E577CEA9}.Debug|Any CPU.Build.0 = Debug|Any CPU
		{87497FC5-661F-475D-9AF2-1A21E577CEA9}.Release|Any CPU.ActiveCfg = Release|Any CPU
		{87497FC5-661F-475D-9AF2-1A21E577CEA9}.Release|Any CPU.Build.0 = Release|Any CPU
		{56EED789-B0CC-425C-AC31-9962FBBCA6CF}.Debug|Any CPU.ActiveCfg = Debug|Any CPU
		{56EED789-B0CC-425C-AC31-9962FBBCA6CF}.Debug|Any CPU.Build.0 = Debug|Any CPU
		{56EED789-B0CC-425C-AC31-9962FBBCA6CF}.Release|Any CPU.ActiveCfg = Release|Any CPU
		{56EED789-B0CC-425C-AC31-9962FBBCA6CF}.Release|Any CPU.Build.0 = Release|Any CPU
	EndGlobalSection
	GlobalSection(SolutionProperties) = preSolution
		HideSolutionNode = FALSE
	EndGlobalSection
	GlobalSection(ExtensibilityGlobals) = postSolution
		SolutionGuid = {D69E6035-76FF-4A4D-9165-6CAB2265E791}
	EndGlobalSection
EndGlobal
